// !$*UTF8*$!
{
	archiveVersion = 1;
	classes = {
	};
	objectVersion = 56;
	objects = {

/* Begin PBXBuildFile section */
		49028CF128DCEC0100A84F84 /* CryptoCrazySwiftUIApp.swift in Sources */ = {isa = PBXBuildFile; fileRef = 49028CF028DCEC0100A84F84 /* CryptoCrazySwiftUIApp.swift */; };
		49028CF328DCEC0100A84F84 /* MainView.swift in Sources */ = {isa = PBXBuildFile; fileRef = 49028CF228DCEC0100A84F84 /* MainView.swift */; };
		49028CF528DCEC0200A84F84 /* Assets.xcassets in Resources */ = {isa = PBXBuildFile; fileRef = 49028CF428DCEC0200A84F84 /* Assets.xcassets */; };
		49028CF828DCEC0200A84F84 /* Preview Assets.xcassets in Resources */ = {isa = PBXBuildFile; fileRef = 49028CF728DCEC0200A84F84 /* Preview Assets.xcassets */; };
		49028D0328DCEE7F00A84F84 /* CryptoCurrency.swift in Sources */ = {isa = PBXBuildFile; fileRef = 49028D0228DCEE7F00A84F84 /* CryptoCurrency.swift */; };
		49FC5D8828DD896A001AC218 /* Webservice.swift in Sources */ = {isa = PBXBuildFile; fileRef = 49FC5D8728DD896A001AC218 /* Webservice.swift */; };
		49FC5D8A28DD98B6001AC218 /* CryptoViewModel.swift in Sources */ = {isa = PBXBuildFile; fileRef = 49FC5D8928DD98B6001AC218 /* CryptoViewModel.swift */; };
/* End PBXBuildFile section */

/* Begin PBXFileReference section */
		49028CED28DCEC0100A84F84 /* CryptoCrazySwiftUI.app */ = {isa = PBXFileReference; explicitFileType = wrapper.application; includeInIndex = 0; path = CryptoCrazySwiftUI.app; sourceTree = BUILT_PRODUCTS_DIR; };
		49028CF028DCEC0100A84F84 /* CryptoCrazySwiftUIApp.swift */ = {isa = PBXFileReference; lastKnownFileType = sourcecode.swift; path = CryptoCrazySwiftUIApp.swift; sourceTree = "<group>"; };
		49028CF228DCEC0100A84F84 /* MainView.swift */ = {isa = PBXFileReference; lastKnownFileType = sourcecode.swift; path = MainView.swift; sourceTree = "<group>"; };
		49028CF428DCEC0200A84F84 /* Assets.xcassets */ = {isa = PBXFileReference; lastKnownFileType = folder.assetcatalog; path = Assets.xcassets; sourceTree = "<group>"; };
		49028CF728DCEC0200A84F84 /* Preview Assets.xcassets */ = {isa = PBXFileReference; lastKnownFileType = folder.assetcatalog; path = "Preview Assets.xcassets"; sourceTree = "<group>"; };
		49028D0228DCEE7F00A84F84 /* CryptoCurrency.swift */ = {isa = PBXFileReference; lastKnownFileType = sourcecode.swift; path = CryptoCurrency.swift; sourceTree = "<group>"; };
		49FC5D8728DD896A001AC218 /* Webservice.swift */ = {isa = PBXFileReference; lastKnownFileType = sourcecode.swift; path = Webservice.swift; sourceTree = "<group>"; };
		49FC5D8928DD98B6001AC218 /* CryptoViewModel.swift */ = {isa = PBXFileReference; lastKnownFileType = sourcecode.swift; path = CryptoViewModel.swift; sourceTree = "<group>"; };
/* End PBXFileReference section */

/* Begin PBXFrameworksBuildPhase section */
		49028CEA28DCEC0100A84F84 /* Frameworks */ = {
			isa = PBXFrameworksBuildPhase;
			buildActionMask = 2147483647;
			files = (
			);
			runOnlyForDeploymentPostprocessing = 0;
		};
/* End PBXFrameworksBuildPhase section */

/* Begin PBXGroup section */
		49028CE428DCEC0100A84F84 = {
			isa = PBXGroup;
			children = (
				49028CEF28DCEC0100A84F84 /* CryptoCrazySwiftUI */,
				49028CEE28DCEC0100A84F84 /* Products */,
			);
			sourceTree = "<group>";
		};
		49028CEE28DCEC0100A84F84 /* Products */ = {
			isa = PBXGroup;
			children = (
				49028CED28DCEC0100A84F84 /* CryptoCrazySwiftUI.app */,
			);
			name = Products;
			sourceTree = "<group>";
		};
		49028CEF28DCEC0100A84F84 /* CryptoCrazySwiftUI */ = {
			isa = PBXGroup;
			children = (
				49028D0128DCEDDF00A84F84 /* Service */,
				49028D0028DCEDD700A84F84 /* ViewModel */,
				49028CFF28DCEDD100A84F84 /* View */,
				49028CFE28DCEDCC00A84F84 /* Model */,
				49028CF028DCEC0100A84F84 /* CryptoCrazySwiftUIApp.swift */,
				49028CF428DCEC0200A84F84 /* Assets.xcassets */,
				49028CF628DCEC0200A84F84 /* Preview Content */,
			);
			path = CryptoCrazySwiftUI;
			sourceTree = "<group>";
		};
		49028CF628DCEC0200A84F84 /* Preview Content */ = {
			isa = PBXGroup;
			children = (
				49028CF728DCEC0200A84F84 /* Preview Assets.xcassets */,
			);
			path = "Preview Content";
			sourceTree = "<group>";
		};
		49028CFE28DCEDCC00A84F84 /* Model */ = {
			isa = PBXGroup;
			children = (
				49028D0228DCEE7F00A84F84 /* CryptoCurrency.swift */,
			);
			path = Model;
			sourceTree = "<group>";
		};
		49028CFF28DCEDD100A84F84 /* View */ = {
			isa = PBXGroup;
			children = (
				49028CF228DCEC0100A84F84 /* MainView.swift */,
			);
			path = View;
			sourceTree = "<group>";
		};
		49028D0028DCEDD700A84F84 /* ViewModel */ = {
			isa = PBXGroup;
			children = (
				49FC5D8928DD98B6001AC218 /* CryptoViewModel.swift */,
			);
			path = ViewModel;
			sourceTree = "<group>";
		};
		49028D0128DCEDDF00A84F84 /* Service */ = {
			isa = PBXGroup;
			children = (
				49FC5D8728DD896A001AC218 /* Webservice.swift */,
			);
			path = Service;
			sourceTree = "<group>";
		};
/* End PBXGroup section */

/* Begin PBXNativeTarget section */
		49028CEC28DCEC0100A84F84 /* CryptoCrazySwiftUI */ = {
			isa = PBXNativeTarget;
			buildConfigurationList = 49028CFB28DCEC0200A84F84 /* Build configuration list for PBXNativeTarget "CryptoCrazySwiftUI" */;
			buildPhases = (
				49028CE928DCEC0100A84F84 /* Sources */,
				49028CEA28DCEC0100A84F84 /* Frameworks */,
				49028CEB28DCEC0100A84F84 /* Resources */,
			);
			buildRules = (
			);
			dependencies = (
			);
			name = CryptoCrazySwiftUI;
			productName = CryptoCrazySwiftUI;
			productReference = 49028CED28DCEC0100A84F84 /* CryptoCrazySwiftUI.app */;
			productType = "com.apple.product-type.application";
		};
/* End PBXNativeTarget section */

/* Begin PBXProject section */
		49028CE528DCEC0100A84F84 /* Project object */ = {
			isa = PBXProject;
			attributes = {
				BuildIndependentTargetsInParallel = 1;
				LastSwiftUpdateCheck = 1400;
				LastUpgradeCheck = 1400;
				TargetAttributes = {
					49028CEC28DCEC0100A84F84 = {
						CreatedOnToolsVersion = 14.0;
					};
				};
			};
			buildConfigurationList = 49028CE828DCEC0100A84F84 /* Build configuration list for PBXProject "CryptoCrazySwiftUI" */;
			compatibilityVersion = "Xcode 14.0";
			developmentRegion = en;
			hasScannedForEncodings = 0;
			knownRegions = (
				en,
				Base,
			);
			mainGroup = 49028CE428DCEC0100A84F84;
			productRefGroup = 49028CEE28DCEC0100A84F84 /* Products */;
			projectDirPath = "";
			projectRoot = "";
			targets = (
				49028CEC28DCEC0100A84F84 /* CryptoCrazySwiftUI */,
			);
		};
/* End PBXProject section */

/* Begin PBXResourcesBuildPhase section */
		49028CEB28DCEC0100A84F84 /* Resources */ = {
			isa = PBXResourcesBuildPhase;
			buildActionMask = 2147483647;
			files = (
				49028CF828DCEC0200A84F84 /* Preview Assets.xcassets in Resources */,
				49028CF528DCEC0200A84F84 /* Assets.xcassets in Resources */,
			);
			runOnlyForDeploymentPostprocessing = 0;
		};
/* End PBXResourcesBuildPhase section */

/* Begin PBXSourcesBuildPhase section */
		49028CE928DCEC0100A84F84 /* Sources */ = {
			isa = PBXSourcesBuildPhase;
			buildActionMask = 2147483647;
			files = (
				49028CF328DCEC0100A84F84 /* MainView.swift in Sources */,
				49028D0328DCEE7F00A84F84 /* CryptoCurrency.swift in Sources */,
				49FC5D8828DD896A001AC218 /* Webservice.swift in Sources */,
				49028CF128DCEC0100A84F84 /* CryptoCrazySwiftUIApp.swift in Sources */,
				49FC5D8A28DD98B6001AC218 /* CryptoViewModel.swift in Sources */,
			);
			runOnlyForDeploymentPostprocessing = 0;
		};
/* End PBXSourcesBuildPhase section */

/* Begin XCBuildConfiguration section */
		49028CF928DCEC0200A84F84 /* Debug */ = {
			isa = XCBuildConfiguration;
			buildSettings = {
				ALWAYS_SEARCH_USER_PATHS = NO;
				CLANG_ANALYZER_NONNULL = YES;
				CLANG_ANALYZER_NUMBER_OBJECT_CONVERSION = YES_AGGRESSIVE;
				CLANG_CXX_LANGUAGE_STANDARD = "gnu++20";
				CLANG_ENABLE_MODULES = YES;
				CLANG_ENABLE_OBJC_ARC = YES;
				CLANG_ENABLE_OBJC_WEAK = YES;
				CLANG_WARN_BLOCK_CAPTURE_AUTORELEASING = YES;
				CLANG_WARN_BOOL_CONVERSION = YES;
				CLANG_WARN_COMMA = YES;
				CLANG_WARN_CONSTANT_CONVERSION = YES;
				CLANG_WARN_DEPRECATED_OBJC_IMPLEMENTATIONS = YES;
				CLANG_WARN_DIRECT_OBJC_ISA_USAGE = YES_ERROR;
				CLANG_WARN_DOCUMENTATION_COMMENTS = YES;
				CLANG_WARN_EMPTY_BODY = YES;
				CLANG_WARN_ENUM_CONVERSION = YES;
				CLANG_WARN_INFINITE_RECURSION = YES;
				CLANG_WARN_INT_CONVERSION = YES;
				CLANG_WARN_NON_LITERAL_NULL_CONVERSION = YES;
				CLANG_WARN_OBJC_IMPLICIT_RETAIN_SELF = YES;
				CLANG_WARN_OBJC_LITERAL_CONVERSION = YES;
				CLANG_WARN_OBJC_ROOT_CLASS = YES_ERROR;
				CLANG_WARN_QUOTED_INCLUDE_IN_FRAMEWORK_HEADER = YES;
				CLANG_WARN_RANGE_LOOP_ANALYSIS = YES;
				CLANG_WARN_STRICT_PROTOTYPES = YES;
				CLANG_WARN_SUSPICIOUS_MOVE = YES;
				CLANG_WARN_UNGUARDED_AVAILABILITY = YES_AGGRESSIVE;
				CLANG_WARN_UNREACHABLE_CODE = YES;
				CLANG_WARN__DUPLICATE_METHOD_MATCH = YES;
				COPY_PHASE_STRIP = NO;
				DEBUG_INFORMATION_FORMAT = dwarf;
				ENABLE_STRICT_OBJC_MSGSEND = YES;
				ENABLE_TESTABILITY = YES;
				GCC_C_LANGUAGE_STANDARD = gnu11;
				GCC_DYNAMIC_NO_PIC = NO;
				GCC_NO_COMMON_BLOCKS = YES;
				GCC_OPTIMIZATION_LEVEL = 0;
				GCC_PREPROCESSOR_DEFINITIONS = (
					"DEBUG=1",
					"$(inherited)",
				);
				GCC_WARN_64_TO_32_BIT_CONVERSION = YES;
				GCC_WARN_ABOUT_RETURN_TYPE = YES_ERROR;
				GCC_WARN_UNDECLARED_SELECTOR = YES;
				GCC_WARN_UNINITIALIZED_AUTOS = YES_AGGRESSIVE;
				GCC_WARN_UNUSED_FUNCTION = YES;
				GCC_WARN_UNUSED_VARIABLE = YES;
				IPHONEOS_DEPLOYMENT_TARGET = 16.0;
				MTL_ENABLE_DEBUG_INFO = INCLUDE_SOURCE;
				MTL_FAST_MATH = YES;
				ONLY_ACTIVE_ARCH = YES;
				SDKROOT = iphoneos;
				SWIFT_ACTIVE_COMPILATION_CONDITIONS = DEBUG;
				SWIFT_OPTIMIZATION_LEVEL = "-Onone";
			};
			name = Debug;
		};
		49028CFA28DCEC0200A84F84 /* Release */ = {
			isa = XCBuildConfiguration;
			buildSettings = {
				ALWAYS_SEARCH_USER_PATHS = NO;
				CLANG_ANALYZER_NONNULL = YES;
				CLANG_ANALYZER_NUMBER_OBJECT_CONVERSION = YES_AGGRESSIVE;
				CLANG_CXX_LANGUAGE_STANDARD = "gnu++20";
				CLANG_ENABLE_MODULES = YES;
				CLANG_ENABLE_OBJC_ARC = YES;
				CLANG_ENABLE_OBJC_WEAK = YES;
				CLANG_WARN_BLOCK_CAPTURE_AUTORELEASING = YES;
				CLANG_WARN_BOOL_CONVERSION = YES;
				CLANG_WARN_COMMA = YES;
				CLANG_WARN_CONSTANT_CONVERSION = YES;
				CLANG_WARN_DEPRECATED_OBJC_IMPLEMENTATIONS = YES;
				CLANG_WARN_DIRECT_OBJC_ISA_USAGE = YES_ERROR;
				CLANG_WARN_DOCUMENTATION_COMMENTS = YES;
				CLANG_WARN_EMPTY_BODY = YES;
				CLANG_WARN_ENUM_CONVERSION = YES;
				CLANG_WARN_INFINITE_RECURSION = YES;
				CLANG_WARN_INT_CONVERSION = YES;
				CLANG_WARN_NON_LITERAL_NULL_CONVERSION = YES;
				CLANG_WARN_OBJC_IMPLICIT_RETAIN_SELF = YES;
				CLANG_WARN_OBJC_LITERAL_CONVERSION = YES;
				CLANG_WARN_OBJC_ROOT_CLASS = YES_ERROR;
				CLANG_WARN_QUOTED_INCLUDE_IN_FRAMEWORK_HEADER = YES;
				CLANG_WARN_RANGE_LOOP_ANALYSIS = YES;
				CLANG_WARN_STRICT_PROTOTYPES = YES;
				CLANG_WARN_SUSPICIOUS_MOVE = YES;
				CLANG_WARN_UNGUARDED_AVAILABILITY = YES_AGGRESSIVE;
				CLANG_WARN_UNREACHABLE_CODE = YES;
				CLANG_WARN__DUPLICATE_METHOD_MATCH = YES;
				COPY_PHASE_STRIP = NO;
				DEBUG_INFORMATION_FORMAT = "dwarf-with-dsym";
				ENABLE_NS_ASSERTIONS = NO;
				ENABLE_STRICT_OBJC_MSGSEND = YES;
				GCC_C_LANGUAGE_STANDARD = gnu11;
				GCC_NO_COMMON_BLOCKS = YES;
				GCC_WARN_64_TO_32_BIT_CONVERSION = YES;
				GCC_WARN_ABOUT_RETURN_TYPE = YES_ERROR;
				GCC_WARN_UNDECLARED_SELECTOR = YES;
				GCC_WARN_UNINITIALIZED_AUTOS = YES_AGGRESSIVE;
				GCC_WARN_UNUSED_FUNCTION = YES;
				GCC_WARN_UNUSED_VARIABLE = YES;
				IPHONEOS_DEPLOYMENT_TARGET = 16.0;
				MTL_ENABLE_DEBUG_INFO = NO;
				MTL_FAST_MATH = YES;
				SDKROOT = iphoneos;
				SWIFT_COMPILATION_MODE = wholemodule;
				SWIFT_OPTIMIZATION_LEVEL = "-O";
				VALIDATE_PRODUCT = YES;
			};
			name = Release;
		};
		49028CFC28DCEC0200A84F84 /* Debug */ = {
			isa = XCBuildConfiguration;
			buildSettings = {
				ASSETCATALOG_COMPILER_APPICON_NAME = AppIcon;
				ASSETCATALOG_COMPILER_GLOBAL_ACCENT_COLOR_NAME = AccentColor;
				CODE_SIGN_STYLE = Automatic;
				CURRENT_PROJECT_VERSION = 1;
				DEVELOPMENT_ASSET_PATHS = "\"CryptoCrazySwiftUI/Preview Content\"";
				DEVELOPMENT_TEAM = 2G8QN9SRVA;
				ENABLE_PREVIEWS = YES;
				GENERATE_INFOPLIST_FILE = YES;
				INFOPLIST_KEY_UIApplicationSceneManifest_Generation = YES;
				INFOPLIST_KEY_UIApplicationSupportsIndirectInputEvents = YES;
				INFOPLIST_KEY_UILaunchScreen_Generation = YES;
				INFOPLIST_KEY_UISupportedInterfaceOrientations_iPad = "UIInterfaceOrientationPortrait UIInterfaceOrientationPortraitUpsideDown UIInterfaceOrientationLandscapeLeft UIInterfaceOrientationLandscapeRight";
				INFOPLIST_KEY_UISupportedInterfaceOrientations_iPhone = "UIInterfaceOrientationPortrait UIInterfaceOrientationLandscapeLeft UIInterfaceOrientationLandscapeRight";
				LD_RUNPATH_SEARCH_PATHS = (
					"$(inherited)",
					"@executable_path/Frameworks",
				);
				MARKETING_VERSION = 1.0;
				PRODUCT_BUNDLE_IDENTIFIER = com.berkaykuzu.CryptoCrazySwiftUI;
				PRODUCT_NAME = "$(TARGET_NAME)";
				SWIFT_EMIT_LOC_STRINGS = YES;
				SWIFT_VERSION = 5.0;
				TARGETED_DEVICE_FAMILY = "1,2";
			};
			name = Debug;
		};
		49028CFD28DCEC0200A84F84 /* Release */ = {
			isa = XCBuildConfiguration;
			buildSettings = {
				ASSETCATALOG_COMPILER_APPICON_NAME = AppIcon;
				ASSETCATALOG_COMPILER_GLOBAL_ACCENT_COLOR_NAME = AccentColor;
				CODE_SIGN_STYLE = Automatic;
				CURRENT_PROJECT_VERSION = 1;
				DEVELOPMENT_ASSET_PATHS = "\"CryptoCrazySwiftUI/Preview Content\"";
				DEVELOPMENT_TEAM = 2G8QN9SRVA;
				ENABLE_PREVIEWS = YES;
				GENERATE_INFOPLIST_FILE = YES;
				INFOPLIST_KEY_UIApplicationSceneManifest_Generation = YES;
				INFOPLIST_KEY_UIApplicationSupportsIndirectInputEvents = YES;
				INFOPLIST_KEY_UILaunchScreen_Generation = YES;
				INFOPLIST_KEY_UISupportedInterfaceOrientations_iPad = "UIInterfaceOrientationPortrait UIInterfaceOrientationPortraitUpsideDown UIInterfaceOrientationLandscapeLeft UIInterfaceOrientationLandscapeRight";
				INFOPLIST_KEY_UISupportedInterfaceOrientations_iPhone = "UIInterfaceOrientationPortrait UIInterfaceOrientationLandscapeLeft UIInterfaceOrientationLandscapeRight";
				LD_RUNPATH_SEARCH_PATHS = (
					"$(inherited)",
					"@executable_path/Frameworks",
				);
				MARKETING_VERSION = 1.0;
				PRODUCT_BUNDLE_IDENTIFIER = com.berkaykuzu.CryptoCrazySwiftUI;
				PRODUCT_NAME = "$(TARGET_NAME)";
				SWIFT_EMIT_LOC_STRINGS = YES;
				SWIFT_VERSION = 5.0;
				TARGETED_DEVICE_FAMILY = "1,2";
			};
			name = Release;
		};
/* End XCBuildConfiguration section */

/* Begin XCConfigurationList section */
		49028CE828DCEC0100A84F84 /* Build configuration list for PBXProject "CryptoCrazySwiftUI" */ = {
			isa = XCConfigurationList;
			buildConfigurations = (
				49028CF928DCEC0200A84F84 /* Debug */,
				49028CFA28DCEC0200A84F84 /* Release */,
			);
			defaultConfigurationIsVisible = 0;
			defaultConfigurationName = Release;
		};
		49028CFB28DCEC0200A84F84 /* Build configuration list for PBXNativeTarget "CryptoCrazySwiftUI" */ = {
			isa = XCConfigurationList;
			buildConfigurations = (
				49028CFC28DCEC0200A84F84 /* Debug */,
				49028CFD28DCEC0200A84F84 /* Release */,
			);
			defaultConfigurationIsVisible = 0;
			defaultConfigurationName = Release;
		};
/* End XCConfigurationList section */
	};
	rootObject = 49028CE528DCEC0100A84F84 /* Project object */;
}
